<?xml version="1.0" encoding="utf-8"?>
<Project ToolsVersion="4.0" xmlns="http://schemas.microsoft.com/developer/msbuild/2003">
  <ItemGroup>
    <Filter Include="Source Files">
      <UniqueIdentifier>{4FC737F1-C7A5-4376-A066-2A32D752A2FF}</UniqueIdentifier>
      <Extensions>cpp;c;cc;cxx;def;odl;idl;hpj;bat;asm;asmx</Extensions>
    </Filter>
    <Filter Include="Header Files">
      <UniqueIdentifier>{93995380-89BD-4b04-88EB-625FBE52EBFB}</UniqueIdentifier>
      <Extensions>h;hh;hpp;hxx;hm;inl;inc;xsd</Extensions>
    </Filter>
    <Filter Include="Resource Files">
      <UniqueIdentifier>{67DA6AB6-F800-4c08-8B7A-83BB121AAD01}</UniqueIdentifier>
      <Extensions>rc;ico;cur;bmp;dlg;rc2;rct;bin;rgs;gif;jpg;jpeg;jpe;resx;tiff;tif;png;wav;mfcribbon-ms</Extensions>
    </Filter>
  </ItemGroup>
  <ItemGroup>
    <ClCompile Include="LC_Best Time to Buy and Sell Stock II .cpp">
      <Filter>Source Files</Filter>
    </ClCompile>
    <ClCompile Include="LC_Best Time to Buy and Sell Stock III.cpp">
      <Filter>Source Files</Filter>
    </ClCompile>
    <ClCompile Include="LC_Best Time to Buy and Sell Stock IV .cpp">
      <Filter>Source Files</Filter>
    </ClCompile>
    <ClCompile Include="LC_Best Time to Buy and Sell Stock.cpp">
      <Filter>Source Files</Filter>
    </ClCompile>
    <ClCompile Include="LC_Container With Most Water.cpp">
      <Filter>Source Files</Filter>
    </ClCompile>
    <ClCompile Include="LC_First Missing Positive.cpp">
      <Filter>Source Files</Filter>
    </ClCompile>
    <ClCompile Include="LC_Insertion Sort List.cpp">
      <Filter>Source Files</Filter>
    </ClCompile>
    <ClCompile Include="LC_Jump Game II.cpp">
      <Filter>Source Files</Filter>
    </ClCompile>
    <ClCompile Include="LC_Jump Game.cpp">
      <Filter>Source Files</Filter>
    </ClCompile>
    <ClCompile Include="LC_Longest Substring Without Repeating Characters.cpp">
      <Filter>Source Files</Filter>
    </ClCompile>
    <ClCompile Include="LC_Maximal Rectangle.cpp">
      <Filter>Source Files</Filter>
    </ClCompile>
    <ClCompile Include="LC_Maximum Subarray.cpp">
      <Filter>Source Files</Filter>
    </ClCompile>
    <ClCompile Include="LC_Merge k Sorted Lists.cpp">
      <Filter>Source Files</Filter>
    </ClCompile>
    <ClCompile Include="LC_Merge Sorted Array.cpp">
      <Filter>Source Files</Filter>
    </ClCompile>
    <ClCompile Include="LC_Merge Two Sorted Lists.cpp">
      <Filter>Source Files</Filter>
    </ClCompile>
    <ClCompile Include="LC_Minimum Path Sum.cpp">
      <Filter>Source Files</Filter>
    </ClCompile>
    <ClCompile Include="LC_Palindrome Number .cpp">
      <Filter>Source Files</Filter>
    </ClCompile>
    <ClCompile Include="LC_Palindrome Partitioning.cpp">
      <Filter>Source Files</Filter>
    </ClCompile>
    <ClCompile Include="LC_Populating Next Right Pointers in Each Node II.cpp">
      <Filter>Source Files</Filter>
    </ClCompile>
    <ClCompile Include="LC_Pow(x, n) .cpp">
      <Filter>Source Files</Filter>
    </ClCompile>
    <ClCompile Include="LC_Search a 2D Matrix.cpp">
      <Filter>Source Files</Filter>
    </ClCompile>
    <ClCompile Include="LC_Search for a Range.cpp">
      <Filter>Source Files</Filter>
    </ClCompile>
    <ClCompile Include="LC_Search Insert Position.cpp">
      <Filter>Source Files</Filter>
    </ClCompile>
    <ClCompile Include="LC_Sort Colors.cpp">
      <Filter>Source Files</Filter>
    </ClCompile>
    <ClCompile Include="LC_Sort List.cpp">
      <Filter>Source Files</Filter>
    </ClCompile>
    <ClCompile Include="LC_Spiral Matrix II.cpp">
      <Filter>Source Files</Filter>
    </ClCompile>
    <ClCompile Include="LC_Spiral Matrix.cpp">
      <Filter>Source Files</Filter>
    </ClCompile>
    <ClCompile Include="LC_Sqrt(x).cpp">
      <Filter>Source Files</Filter>
    </ClCompile>
    <ClCompile Include="LC_Triangle.cpp">
      <Filter>Source Files</Filter>
    </ClCompile>
  </ItemGroup>
</Project>